// !$*UTF8*$!
{
	archiveVersion = 1;
	classes = {
	};
	objectVersion = 56;
	objects = {

/* Begin PBXBuildFile section */
		58284EBA2A0352FA00B06BAA /* TabBarController.swift in Sources */ = {isa = PBXBuildFile; fileRef = 58284EB92A0352FA00B06BAA /* TabBarController.swift */; };
		583A862C2A014C2A004D7455 /* AppDelegate.swift in Sources */ = {isa = PBXBuildFile; fileRef = 583A862B2A014C2A004D7455 /* AppDelegate.swift */; };
		583A862E2A014C2A004D7455 /* SceneDelegate.swift in Sources */ = {isa = PBXBuildFile; fileRef = 583A862D2A014C2A004D7455 /* SceneDelegate.swift */; };
		583A86332A014C2A004D7455 /* Main.storyboard in Resources */ = {isa = PBXBuildFile; fileRef = 583A86312A014C2A004D7455 /* Main.storyboard */; };
		583A86362A014C2A004D7455 /* Fit_GG.xcdatamodeld in Sources */ = {isa = PBXBuildFile; fileRef = 583A86342A014C2A004D7455 /* Fit_GG.xcdatamodeld */; };
		583A86382A014C2B004D7455 /* Assets.xcassets in Resources */ = {isa = PBXBuildFile; fileRef = 583A86372A014C2B004D7455 /* Assets.xcassets */; };
		583A863B2A014C2B004D7455 /* LaunchScreen.storyboard in Resources */ = {isa = PBXBuildFile; fileRef = 583A86392A014C2B004D7455 /* LaunchScreen.storyboard */; };
		583A86432A014DEE004D7455 /* LoginViewController.swift in Sources */ = {isa = PBXBuildFile; fileRef = 583A86422A014DEE004D7455 /* LoginViewController.swift */; };
		583A86492A0150CD004D7455 /* FirebaseAuth in Frameworks */ = {isa = PBXBuildFile; productRef = 583A86482A0150CD004D7455 /* FirebaseAuth */; };
		583A864B2A0150CD004D7455 /* FirebaseFirestore in Frameworks */ = {isa = PBXBuildFile; productRef = 583A864A2A0150CD004D7455 /* FirebaseFirestore */; };
		583A864D2A0150CD004D7455 /* FirebaseFirestoreSwift in Frameworks */ = {isa = PBXBuildFile; productRef = 583A864C2A0150CD004D7455 /* FirebaseFirestoreSwift */; };
		583A864F2A015663004D7455 /* GoogleService-Info.plist in Resources */ = {isa = PBXBuildFile; fileRef = 583A864E2A015663004D7455 /* GoogleService-Info.plist */; };
		583A86542A015BD6004D7455 /* FirebaseController.swift in Sources */ = {isa = PBXBuildFile; fileRef = 583A86512A015BD6004D7455 /* FirebaseController.swift */; };
		583A86552A015BD6004D7455 /* DatabaseProtocol.swift in Sources */ = {isa = PBXBuildFile; fileRef = 583A86522A015BD6004D7455 /* DatabaseProtocol.swift */; };
		583A86562A015BD6004D7455 /* MulticastDelegate.swift in Sources */ = {isa = PBXBuildFile; fileRef = 583A86532A015BD6004D7455 /* MulticastDelegate.swift */; };
		583A86592A015F69004D7455 /* User.swift in Sources */ = {isa = PBXBuildFile; fileRef = 583A86582A015F69004D7455 /* User.swift */; };
		585415702A0359460054F9C7 /* FoodData.swift in Sources */ = {isa = PBXBuildFile; fileRef = 5854156F2A0359460054F9C7 /* FoodData.swift */; };
		585415722A035D870054F9C7 /* SearchFoodTableViewController.swift in Sources */ = {isa = PBXBuildFile; fileRef = 585415712A035D870054F9C7 /* SearchFoodTableViewController.swift */; };
		585415742A04BF7A0054F9C7 /* FoodListData.swift in Sources */ = {isa = PBXBuildFile; fileRef = 585415732A04BF7A0054F9C7 /* FoodListData.swift */; };
		588A99FF2A1E44680002FC27 /* DisplayMessage.swift in Sources */ = {isa = PBXBuildFile; fileRef = 588A99FE2A1E44680002FC27 /* DisplayMessage.swift */; };
		588A9A042A23003C0002FC27 /* Food+CoreDataClass.swift in Sources */ = {isa = PBXBuildFile; fileRef = 588A9A002A23003C0002FC27 /* Food+CoreDataClass.swift */; };
		588A9A052A23003C0002FC27 /* Food+CoreDataProperties.swift in Sources */ = {isa = PBXBuildFile; fileRef = 588A9A012A23003C0002FC27 /* Food+CoreDataProperties.swift */; };
		588A9A062A23003C0002FC27 /* Entry+CoreDataClass.swift in Sources */ = {isa = PBXBuildFile; fileRef = 588A9A022A23003C0002FC27 /* Entry+CoreDataClass.swift */; };
		588A9A072A23003C0002FC27 /* Entry+CoreDataProperties.swift in Sources */ = {isa = PBXBuildFile; fileRef = 588A9A032A23003C0002FC27 /* Entry+CoreDataProperties.swift */; };
		588E324D2A0C94D500EB6CF4 /* DiaryTableViewController.swift in Sources */ = {isa = PBXBuildFile; fileRef = 588E324C2A0C94D500EB6CF4 /* DiaryTableViewController.swift */; };
		588E32532A0C9ADA00EB6CF4 /* EntryViewController.swift in Sources */ = {isa = PBXBuildFile; fileRef = 588E32522A0C9ADA00EB6CF4 /* EntryViewController.swift */; };
		588E32552A0C9F5000EB6CF4 /* CoreDataController.swift in Sources */ = {isa = PBXBuildFile; fileRef = 588E32542A0C9F5000EB6CF4 /* CoreDataController.swift */; };
		589EE7712A028C7100F316B0 /* HomeViewController.swift in Sources */ = {isa = PBXBuildFile; fileRef = 589EE7702A028C7100F316B0 /* HomeViewController.swift */; };
/* End PBXBuildFile section */

/* Begin PBXFileReference section */
		58284EB92A0352FA00B06BAA /* TabBarController.swift */ = {isa = PBXFileReference; lastKnownFileType = sourcecode.swift; path = TabBarController.swift; sourceTree = "<group>"; };
		583A86282A014C2A004D7455 /* Fit.GG.app */ = {isa = PBXFileReference; explicitFileType = wrapper.application; includeInIndex = 0; path = Fit.GG.app; sourceTree = BUILT_PRODUCTS_DIR; };
		583A862B2A014C2A004D7455 /* AppDelegate.swift */ = {isa = PBXFileReference; lastKnownFileType = sourcecode.swift; path = AppDelegate.swift; sourceTree = "<group>"; };
		583A862D2A014C2A004D7455 /* SceneDelegate.swift */ = {isa = PBXFileReference; lastKnownFileType = sourcecode.swift; path = SceneDelegate.swift; sourceTree = "<group>"; };
		583A86322A014C2A004D7455 /* Base */ = {isa = PBXFileReference; lastKnownFileType = file.storyboard; name = Base; path = Base.lproj/Main.storyboard; sourceTree = "<group>"; };
		583A86352A014C2A004D7455 /* Fit_GG.xcdatamodel */ = {isa = PBXFileReference; lastKnownFileType = wrapper.xcdatamodel; path = Fit_GG.xcdatamodel; sourceTree = "<group>"; };
		583A86372A014C2B004D7455 /* Assets.xcassets */ = {isa = PBXFileReference; lastKnownFileType = folder.assetcatalog; path = Assets.xcassets; sourceTree = "<group>"; };
		583A863A2A014C2B004D7455 /* Base */ = {isa = PBXFileReference; lastKnownFileType = file.storyboard; name = Base; path = Base.lproj/LaunchScreen.storyboard; sourceTree = "<group>"; };
		583A863C2A014C2B004D7455 /* Info.plist */ = {isa = PBXFileReference; lastKnownFileType = text.plist.xml; path = Info.plist; sourceTree = "<group>"; };
		583A86422A014DEE004D7455 /* LoginViewController.swift */ = {isa = PBXFileReference; lastKnownFileType = sourcecode.swift; path = LoginViewController.swift; sourceTree = "<group>"; };
		583A864E2A015663004D7455 /* GoogleService-Info.plist */ = {isa = PBXFileReference; fileEncoding = 4; lastKnownFileType = text.plist.xml; path = "GoogleService-Info.plist"; sourceTree = "<group>"; };
		583A86512A015BD6004D7455 /* FirebaseController.swift */ = {isa = PBXFileReference; fileEncoding = 4; lastKnownFileType = sourcecode.swift; path = FirebaseController.swift; sourceTree = "<group>"; };
		583A86522A015BD6004D7455 /* DatabaseProtocol.swift */ = {isa = PBXFileReference; fileEncoding = 4; lastKnownFileType = sourcecode.swift; path = DatabaseProtocol.swift; sourceTree = "<group>"; };
		583A86532A015BD6004D7455 /* MulticastDelegate.swift */ = {isa = PBXFileReference; fileEncoding = 4; lastKnownFileType = sourcecode.swift; path = MulticastDelegate.swift; sourceTree = "<group>"; };
		583A86582A015F69004D7455 /* User.swift */ = {isa = PBXFileReference; lastKnownFileType = sourcecode.swift; path = User.swift; sourceTree = "<group>"; };
		5854156F2A0359460054F9C7 /* FoodData.swift */ = {isa = PBXFileReference; lastKnownFileType = sourcecode.swift; path = FoodData.swift; sourceTree = "<group>"; };
		585415712A035D870054F9C7 /* SearchFoodTableViewController.swift */ = {isa = PBXFileReference; lastKnownFileType = sourcecode.swift; path = SearchFoodTableViewController.swift; sourceTree = "<group>"; };
		585415732A04BF7A0054F9C7 /* FoodListData.swift */ = {isa = PBXFileReference; lastKnownFileType = sourcecode.swift; path = FoodListData.swift; sourceTree = "<group>"; };
		588A99FE2A1E44680002FC27 /* DisplayMessage.swift */ = {isa = PBXFileReference; lastKnownFileType = sourcecode.swift; path = DisplayMessage.swift; sourceTree = "<group>"; };
		588A9A002A23003C0002FC27 /* Food+CoreDataClass.swift */ = {isa = PBXFileReference; lastKnownFileType = sourcecode.swift; path = "Food+CoreDataClass.swift"; sourceTree = "<group>"; };
		588A9A012A23003C0002FC27 /* Food+CoreDataProperties.swift */ = {isa = PBXFileReference; lastKnownFileType = sourcecode.swift; path = "Food+CoreDataProperties.swift"; sourceTree = "<group>"; };
		588A9A022A23003C0002FC27 /* Entry+CoreDataClass.swift */ = {isa = PBXFileReference; lastKnownFileType = sourcecode.swift; path = "Entry+CoreDataClass.swift"; sourceTree = "<group>"; };
		588A9A032A23003C0002FC27 /* Entry+CoreDataProperties.swift */ = {isa = PBXFileReference; lastKnownFileType = sourcecode.swift; path = "Entry+CoreDataProperties.swift"; sourceTree = "<group>"; };
		588E324C2A0C94D500EB6CF4 /* DiaryTableViewController.swift */ = {isa = PBXFileReference; lastKnownFileType = sourcecode.swift; path = DiaryTableViewController.swift; sourceTree = "<group>"; };
		588E32522A0C9ADA00EB6CF4 /* EntryViewController.swift */ = {isa = PBXFileReference; lastKnownFileType = sourcecode.swift; path = EntryViewController.swift; sourceTree = "<group>"; };
		588E32542A0C9F5000EB6CF4 /* CoreDataController.swift */ = {isa = PBXFileReference; lastKnownFileType = sourcecode.swift; path = CoreDataController.swift; sourceTree = "<group>"; };
		589EE7702A028C7100F316B0 /* HomeViewController.swift */ = {isa = PBXFileReference; lastKnownFileType = sourcecode.swift; path = HomeViewController.swift; sourceTree = "<group>"; };
/* End PBXFileReference section */

/* Begin PBXFrameworksBuildPhase section */
		583A86252A014C2A004D7455 /* Frameworks */ = {
			isa = PBXFrameworksBuildPhase;
			buildActionMask = 2147483647;
			files = (
				583A86492A0150CD004D7455 /* FirebaseAuth in Frameworks */,
				583A864B2A0150CD004D7455 /* FirebaseFirestore in Frameworks */,
				583A864D2A0150CD004D7455 /* FirebaseFirestoreSwift in Frameworks */,
			);
			runOnlyForDeploymentPostprocessing = 0;
		};
/* End PBXFrameworksBuildPhase section */

/* Begin PBXGroup section */
		583A861F2A014C2A004D7455 = {
			isa = PBXGroup;
			children = (
				583A862A2A014C2A004D7455 /* Fit.GG */,
				583A86292A014C2A004D7455 /* Products */,
			);
			sourceTree = "<group>";
		};
		583A86292A014C2A004D7455 /* Products */ = {
			isa = PBXGroup;
			children = (
				583A86282A014C2A004D7455 /* Fit.GG.app */,
			);
			name = Products;
			sourceTree = "<group>";
		};
		583A862A2A014C2A004D7455 /* Fit.GG */ = {
			isa = PBXGroup;
			children = (
				589EE76F2A028C4B00F316B0 /* Views */,
				583A86572A015F24004D7455 /* DataModel */,
				583A86502A015BD6004D7455 /* Database */,
				583A864E2A015663004D7455 /* GoogleService-Info.plist */,
				583A862B2A014C2A004D7455 /* AppDelegate.swift */,
				583A863C2A014C2B004D7455 /* Info.plist */,
				583A862D2A014C2A004D7455 /* SceneDelegate.swift */,
				583A86312A014C2A004D7455 /* Main.storyboard */,
				583A86372A014C2B004D7455 /* Assets.xcassets */,
				583A86392A014C2B004D7455 /* LaunchScreen.storyboard */,
				588A99FE2A1E44680002FC27 /* DisplayMessage.swift */,
			);
			path = Fit.GG;
			sourceTree = "<group>";
		};
		583A86502A015BD6004D7455 /* Database */ = {
			isa = PBXGroup;
			children = (
				583A86512A015BD6004D7455 /* FirebaseController.swift */,
				583A86522A015BD6004D7455 /* DatabaseProtocol.swift */,
				583A86532A015BD6004D7455 /* MulticastDelegate.swift */,
				588E32542A0C9F5000EB6CF4 /* CoreDataController.swift */,
			);
			path = Database;
			sourceTree = "<group>";
		};
		583A86572A015F24004D7455 /* DataModel */ = {
			isa = PBXGroup;
			children = (
				588A9A002A23003C0002FC27 /* Food+CoreDataClass.swift */,
				588A9A012A23003C0002FC27 /* Food+CoreDataProperties.swift */,
				588A9A022A23003C0002FC27 /* Entry+CoreDataClass.swift */,
				588A9A032A23003C0002FC27 /* Entry+CoreDataProperties.swift */,
				583A86342A014C2A004D7455 /* Fit_GG.xcdatamodeld */,
				583A86582A015F69004D7455 /* User.swift */,
				5854156F2A0359460054F9C7 /* FoodData.swift */,
				585415732A04BF7A0054F9C7 /* FoodListData.swift */,
			);
			path = DataModel;
			sourceTree = "<group>";
		};
		589EE76F2A028C4B00F316B0 /* Views */ = {
			isa = PBXGroup;
			children = (
				583A86422A014DEE004D7455 /* LoginViewController.swift */,
				589EE7702A028C7100F316B0 /* HomeViewController.swift */,
				58284EB92A0352FA00B06BAA /* TabBarController.swift */,
				585415712A035D870054F9C7 /* SearchFoodTableViewController.swift */,
				588E324C2A0C94D500EB6CF4 /* DiaryTableViewController.swift */,
				588E32522A0C9ADA00EB6CF4 /* EntryViewController.swift */,
			);
			path = Views;
			sourceTree = "<group>";
		};
/* End PBXGroup section */

/* Begin PBXNativeTarget section */
		583A86272A014C2A004D7455 /* Fit.GG */ = {
			isa = PBXNativeTarget;
			buildConfigurationList = 583A863F2A014C2B004D7455 /* Build configuration list for PBXNativeTarget "Fit.GG" */;
			buildPhases = (
				583A86242A014C2A004D7455 /* Sources */,
				583A86252A014C2A004D7455 /* Frameworks */,
				583A86262A014C2A004D7455 /* Resources */,
			);
			buildRules = (
			);
			dependencies = (
			);
			name = Fit.GG;
			packageProductDependencies = (
				583A86482A0150CD004D7455 /* FirebaseAuth */,
				583A864A2A0150CD004D7455 /* FirebaseFirestore */,
				583A864C2A0150CD004D7455 /* FirebaseFirestoreSwift */,
			);
			productName = Fit.GG;
			productReference = 583A86282A014C2A004D7455 /* Fit.GG.app */;
			productType = "com.apple.product-type.application";
		};
/* End PBXNativeTarget section */

/* Begin PBXProject section */
		583A86202A014C2A004D7455 /* Project object */ = {
			isa = PBXProject;
			attributes = {
				BuildIndependentTargetsInParallel = 1;
				LastSwiftUpdateCheck = 1430;
				LastUpgradeCheck = 1430;
				TargetAttributes = {
					583A86272A014C2A004D7455 = {
						CreatedOnToolsVersion = 14.3;
					};
				};
			};
			buildConfigurationList = 583A86232A014C2A004D7455 /* Build configuration list for PBXProject "Fit.GG" */;
			compatibilityVersion = "Xcode 14.0";
			developmentRegion = en;
			hasScannedForEncodings = 0;
			knownRegions = (
				en,
				Base,
			);
			mainGroup = 583A861F2A014C2A004D7455;
			packageReferences = (
				583A86472A0150CD004D7455 /* XCRemoteSwiftPackageReference "firebase-ios-sdk" */,
			);
			productRefGroup = 583A86292A014C2A004D7455 /* Products */;
			projectDirPath = "";
			projectRoot = "";
			targets = (
				583A86272A014C2A004D7455 /* Fit.GG */,
			);
		};
/* End PBXProject section */

/* Begin PBXResourcesBuildPhase section */
		583A86262A014C2A004D7455 /* Resources */ = {
			isa = PBXResourcesBuildPhase;
			buildActionMask = 2147483647;
			files = (
				583A863B2A014C2B004D7455 /* LaunchScreen.storyboard in Resources */,
				583A864F2A015663004D7455 /* GoogleService-Info.plist in Resources */,
				583A86382A014C2B004D7455 /* Assets.xcassets in Resources */,
				583A86332A014C2A004D7455 /* Main.storyboard in Resources */,
			);
			runOnlyForDeploymentPostprocessing = 0;
		};
/* End PBXResourcesBuildPhase section */

/* Begin PBXSourcesBuildPhase section */
		583A86242A014C2A004D7455 /* Sources */ = {
			isa = PBXSourcesBuildPhase;
			buildActionMask = 2147483647;
			files = (
				583A86542A015BD6004D7455 /* FirebaseController.swift in Sources */,
				583A862C2A014C2A004D7455 /* AppDelegate.swift in Sources */,
				585415742A04BF7A0054F9C7 /* FoodListData.swift in Sources */,
				588E32532A0C9ADA00EB6CF4 /* EntryViewController.swift in Sources */,
				588A9A052A23003C0002FC27 /* Food+CoreDataProperties.swift in Sources */,
				585415702A0359460054F9C7 /* FoodData.swift in Sources */,
				588A99FF2A1E44680002FC27 /* DisplayMessage.swift in Sources */,
				583A86562A015BD6004D7455 /* MulticastDelegate.swift in Sources */,
				58284EBA2A0352FA00B06BAA /* TabBarController.swift in Sources */,
				583A862E2A014C2A004D7455 /* SceneDelegate.swift in Sources */,
				588E324D2A0C94D500EB6CF4 /* DiaryTableViewController.swift in Sources */,
				583A86592A015F69004D7455 /* User.swift in Sources */,
				589EE7712A028C7100F316B0 /* HomeViewController.swift in Sources */,
				583A86432A014DEE004D7455 /* LoginViewController.swift in Sources */,
				583A86362A014C2A004D7455 /* Fit_GG.xcdatamodeld in Sources */,
				588A9A072A23003C0002FC27 /* Entry+CoreDataProperties.swift in Sources */,
				588E32552A0C9F5000EB6CF4 /* CoreDataController.swift in Sources */,
				588A9A042A23003C0002FC27 /* Food+CoreDataClass.swift in Sources */,
				583A86552A015BD6004D7455 /* DatabaseProtocol.swift in Sources */,
				588A9A062A23003C0002FC27 /* Entry+CoreDataClass.swift in Sources */,
				585415722A035D870054F9C7 /* SearchFoodTableViewController.swift in Sources */,
			);
			runOnlyForDeploymentPostprocessing = 0;
		};
/* End PBXSourcesBuildPhase section */

/* Begin PBXVariantGroup section */
		583A86312A014C2A004D7455 /* Main.storyboard */ = {
			isa = PBXVariantGroup;
			children = (
				583A86322A014C2A004D7455 /* Base */,
			);
			name = Main.storyboard;
			sourceTree = "<group>";
		};
		583A86392A014C2B004D7455 /* LaunchScreen.storyboard */ = {
			isa = PBXVariantGroup;
			children = (
				583A863A2A014C2B004D7455 /* Base */,
			);
			name = LaunchScreen.storyboard;
			sourceTree = "<group>";
		};
/* End PBXVariantGroup section */

/* Begin XCBuildConfiguration section */
		583A863D2A014C2B004D7455 /* Debug */ = {
			isa = XCBuildConfiguration;
			buildSettings = {
				ALWAYS_SEARCH_USER_PATHS = NO;
				CLANG_ANALYZER_NONNULL = YES;
				CLANG_ANALYZER_NUMBER_OBJECT_CONVERSION = YES_AGGRESSIVE;
				CLANG_CXX_LANGUAGE_STANDARD = "gnu++20";
				CLANG_ENABLE_MODULES = YES;
				CLANG_ENABLE_OBJC_ARC = YES;
				CLANG_ENABLE_OBJC_WEAK = YES;
				CLANG_WARN_BLOCK_CAPTURE_AUTORELEASING = YES;
				CLANG_WARN_BOOL_CONVERSION = YES;
				CLANG_WARN_COMMA = YES;
				CLANG_WARN_CONSTANT_CONVERSION = YES;
				CLANG_WARN_DEPRECATED_OBJC_IMPLEMENTATIONS = YES;
				CLANG_WARN_DIRECT_OBJC_ISA_USAGE = YES_ERROR;
				CLANG_WARN_DOCUMENTATION_COMMENTS = YES;
				CLANG_WARN_EMPTY_BODY = YES;
				CLANG_WARN_ENUM_CONVERSION = YES;
				CLANG_WARN_INFINITE_RECURSION = YES;
				CLANG_WARN_INT_CONVERSION = YES;
				CLANG_WARN_NON_LITERAL_NULL_CONVERSION = YES;
				CLANG_WARN_OBJC_IMPLICIT_RETAIN_SELF = YES;
				CLANG_WARN_OBJC_LITERAL_CONVERSION = YES;
				CLANG_WARN_OBJC_ROOT_CLASS = YES_ERROR;
				CLANG_WARN_QUOTED_INCLUDE_IN_FRAMEWORK_HEADER = YES;
				CLANG_WARN_RANGE_LOOP_ANALYSIS = YES;
				CLANG_WARN_STRICT_PROTOTYPES = YES;
				CLANG_WARN_SUSPICIOUS_MOVE = YES;
				CLANG_WARN_UNGUARDED_AVAILABILITY = YES_AGGRESSIVE;
				CLANG_WARN_UNREACHABLE_CODE = YES;
				CLANG_WARN__DUPLICATE_METHOD_MATCH = YES;
				COPY_PHASE_STRIP = NO;
				DEBUG_INFORMATION_FORMAT = dwarf;
				ENABLE_STRICT_OBJC_MSGSEND = YES;
				ENABLE_TESTABILITY = YES;
				GCC_C_LANGUAGE_STANDARD = gnu11;
				GCC_DYNAMIC_NO_PIC = NO;
				GCC_NO_COMMON_BLOCKS = YES;
				GCC_OPTIMIZATION_LEVEL = 0;
				GCC_PREPROCESSOR_DEFINITIONS = (
					"DEBUG=1",
					"$(inherited)",
				);
				GCC_WARN_64_TO_32_BIT_CONVERSION = YES;
				GCC_WARN_ABOUT_RETURN_TYPE = YES_ERROR;
				GCC_WARN_UNDECLARED_SELECTOR = YES;
				GCC_WARN_UNINITIALIZED_AUTOS = YES_AGGRESSIVE;
				GCC_WARN_UNUSED_FUNCTION = YES;
				GCC_WARN_UNUSED_VARIABLE = YES;
				IPHONEOS_DEPLOYMENT_TARGET = 16.4;
				MTL_ENABLE_DEBUG_INFO = INCLUDE_SOURCE;
				MTL_FAST_MATH = YES;
				ONLY_ACTIVE_ARCH = YES;
				SDKROOT = iphoneos;
				SWIFT_ACTIVE_COMPILATION_CONDITIONS = DEBUG;
				SWIFT_OPTIMIZATION_LEVEL = "-Onone";
			};
			name = Debug;
		};
		583A863E2A014C2B004D7455 /* Release */ = {
			isa = XCBuildConfiguration;
			buildSettings = {
				ALWAYS_SEARCH_USER_PATHS = NO;
				CLANG_ANALYZER_NONNULL = YES;
				CLANG_ANALYZER_NUMBER_OBJECT_CONVERSION = YES_AGGRESSIVE;
				CLANG_CXX_LANGUAGE_STANDARD = "gnu++20";
				CLANG_ENABLE_MODULES = YES;
				CLANG_ENABLE_OBJC_ARC = YES;
				CLANG_ENABLE_OBJC_WEAK = YES;
				CLANG_WARN_BLOCK_CAPTURE_AUTORELEASING = YES;
				CLANG_WARN_BOOL_CONVERSION = YES;
				CLANG_WARN_COMMA = YES;
				CLANG_WARN_CONSTANT_CONVERSION = YES;
				CLANG_WARN_DEPRECATED_OBJC_IMPLEMENTATIONS = YES;
				CLANG_WARN_DIRECT_OBJC_ISA_USAGE = YES_ERROR;
				CLANG_WARN_DOCUMENTATION_COMMENTS = YES;
				CLANG_WARN_EMPTY_BODY = YES;
				CLANG_WARN_ENUM_CONVERSION = YES;
				CLANG_WARN_INFINITE_RECURSION = YES;
				CLANG_WARN_INT_CONVERSION = YES;
				CLANG_WARN_NON_LITERAL_NULL_CONVERSION = YES;
				CLANG_WARN_OBJC_IMPLICIT_RETAIN_SELF = YES;
				CLANG_WARN_OBJC_LITERAL_CONVERSION = YES;
				CLANG_WARN_OBJC_ROOT_CLASS = YES_ERROR;
				CLANG_WARN_QUOTED_INCLUDE_IN_FRAMEWORK_HEADER = YES;
				CLANG_WARN_RANGE_LOOP_ANALYSIS = YES;
				CLANG_WARN_STRICT_PROTOTYPES = YES;
				CLANG_WARN_SUSPICIOUS_MOVE = YES;
				CLANG_WARN_UNGUARDED_AVAILABILITY = YES_AGGRESSIVE;
				CLANG_WARN_UNREACHABLE_CODE = YES;
				CLANG_WARN__DUPLICATE_METHOD_MATCH = YES;
				COPY_PHASE_STRIP = NO;
				DEBUG_INFORMATION_FORMAT = "dwarf-with-dsym";
				ENABLE_NS_ASSERTIONS = NO;
				ENABLE_STRICT_OBJC_MSGSEND = YES;
				GCC_C_LANGUAGE_STANDARD = gnu11;
				GCC_NO_COMMON_BLOCKS = YES;
				GCC_WARN_64_TO_32_BIT_CONVERSION = YES;
				GCC_WARN_ABOUT_RETURN_TYPE = YES_ERROR;
				GCC_WARN_UNDECLARED_SELECTOR = YES;
				GCC_WARN_UNINITIALIZED_AUTOS = YES_AGGRESSIVE;
				GCC_WARN_UNUSED_FUNCTION = YES;
				GCC_WARN_UNUSED_VARIABLE = YES;
				IPHONEOS_DEPLOYMENT_TARGET = 16.4;
				MTL_ENABLE_DEBUG_INFO = NO;
				MTL_FAST_MATH = YES;
				SDKROOT = iphoneos;
				SWIFT_COMPILATION_MODE = wholemodule;
				SWIFT_OPTIMIZATION_LEVEL = "-O";
				VALIDATE_PRODUCT = YES;
			};
			name = Release;
		};
		583A86402A014C2B004D7455 /* Debug */ = {
			isa = XCBuildConfiguration;
			buildSettings = {
				ASSETCATALOG_COMPILER_APPICON_NAME = AppIcon;
				ASSETCATALOG_COMPILER_GLOBAL_ACCENT_COLOR_NAME = AccentColor;
				CODE_SIGN_STYLE = Automatic;
				CURRENT_PROJECT_VERSION = 1;
				GENERATE_INFOPLIST_FILE = YES;
				INFOPLIST_FILE = Fit.GG/Info.plist;
				INFOPLIST_KEY_UIApplicationSupportsIndirectInputEvents = YES;
				INFOPLIST_KEY_UILaunchStoryboardName = LaunchScreen;
				INFOPLIST_KEY_UIMainStoryboardFile = Main;
				INFOPLIST_KEY_UISupportedInterfaceOrientations_iPad = "UIInterfaceOrientationPortrait UIInterfaceOrientationPortraitUpsideDown UIInterfaceOrientationLandscapeLeft UIInterfaceOrientationLandscapeRight";
				INFOPLIST_KEY_UISupportedInterfaceOrientations_iPhone = "UIInterfaceOrientationPortrait UIInterfaceOrientationLandscapeLeft UIInterfaceOrientationLandscapeRight";
				LD_RUNPATH_SEARCH_PATHS = (
					"$(inherited)",
					"@executable_path/Frameworks",
				);
				MARKETING_VERSION = 1.0;
				PRODUCT_BUNDLE_IDENTIFIER = "edu.monash.Fit-GG";
				PRODUCT_NAME = "$(TARGET_NAME)";
				SWIFT_EMIT_LOC_STRINGS = YES;
				SWIFT_VERSION = 5.0;
				TARGETED_DEVICE_FAMILY = "1,2";
			};
			name = Debug;
		};
		583A86412A014C2B004D7455 /* Release */ = {
			isa = XCBuildConfiguration;
			buildSettings = {
				ASSETCATALOG_COMPILER_APPICON_NAME = AppIcon;
				ASSETCATALOG_COMPILER_GLOBAL_ACCENT_COLOR_NAME = AccentColor;
				CODE_SIGN_STYLE = Automatic;
				CURRENT_PROJECT_VERSION = 1;
				GENERATE_INFOPLIST_FILE = YES;
				INFOPLIST_FILE = Fit.GG/Info.plist;
				INFOPLIST_KEY_UIApplicationSupportsIndirectInputEvents = YES;
				INFOPLIST_KEY_UILaunchStoryboardName = LaunchScreen;
				INFOPLIST_KEY_UIMainStoryboardFile = Main;
				INFOPLIST_KEY_UISupportedInterfaceOrientations_iPad = "UIInterfaceOrientationPortrait UIInterfaceOrientationPortraitUpsideDown UIInterfaceOrientationLandscapeLeft UIInterfaceOrientationLandscapeRight";
				INFOPLIST_KEY_UISupportedInterfaceOrientations_iPhone = "UIInterfaceOrientationPortrait UIInterfaceOrientationLandscapeLeft UIInterfaceOrientationLandscapeRight";
				LD_RUNPATH_SEARCH_PATHS = (
					"$(inherited)",
					"@executable_path/Frameworks",
				);
				MARKETING_VERSION = 1.0;
				PRODUCT_BUNDLE_IDENTIFIER = "edu.monash.Fit-GG";
				PRODUCT_NAME = "$(TARGET_NAME)";
				SWIFT_EMIT_LOC_STRINGS = YES;
				SWIFT_VERSION = 5.0;
				TARGETED_DEVICE_FAMILY = "1,2";
			};
			name = Release;
		};
/* End XCBuildConfiguration section */

/* Begin XCConfigurationList section */
		583A86232A014C2A004D7455 /* Build configuration list for PBXProject "Fit.GG" */ = {
			isa = XCConfigurationList;
			buildConfigurations = (
				583A863D2A014C2B004D7455 /* Debug */,
				583A863E2A014C2B004D7455 /* Release */,
			);
			defaultConfigurationIsVisible = 0;
			defaultConfigurationName = Release;
		};
		583A863F2A014C2B004D7455 /* Build configuration list for PBXNativeTarget "Fit.GG" */ = {
			isa = XCConfigurationList;
			buildConfigurations = (
				583A86402A014C2B004D7455 /* Debug */,
				583A86412A014C2B004D7455 /* Release */,
			);
			defaultConfigurationIsVisible = 0;
			defaultConfigurationName = Release;
		};
/* End XCConfigurationList section */

/* Begin XCRemoteSwiftPackageReference section */
		583A86472A0150CD004D7455 /* XCRemoteSwiftPackageReference "firebase-ios-sdk" */ = {
			isa = XCRemoteSwiftPackageReference;
			repositoryURL = "https://github.com/firebase/firebase-ios-sdk.git";
			requirement = {
				kind = upToNextMajorVersion;
				minimumVersion = 10.0.0;
			};
		};
/* End XCRemoteSwiftPackageReference section */

/* Begin XCSwiftPackageProductDependency section */
		583A86482A0150CD004D7455 /* FirebaseAuth */ = {
			isa = XCSwiftPackageProductDependency;
			package = 583A86472A0150CD004D7455 /* XCRemoteSwiftPackageReference "firebase-ios-sdk" */;
			productName = FirebaseAuth;
		};
		583A864A2A0150CD004D7455 /* FirebaseFirestore */ = {
			isa = XCSwiftPackageProductDependency;
			package = 583A86472A0150CD004D7455 /* XCRemoteSwiftPackageReference "firebase-ios-sdk" */;
			productName = FirebaseFirestore;
		};
		583A864C2A0150CD004D7455 /* FirebaseFirestoreSwift */ = {
			isa = XCSwiftPackageProductDependency;
			package = 583A86472A0150CD004D7455 /* XCRemoteSwiftPackageReference "firebase-ios-sdk" */;
			productName = FirebaseFirestoreSwift;
		};
/* End XCSwiftPackageProductDependency section */

/* Begin XCVersionGroup section */
		583A86342A014C2A004D7455 /* Fit_GG.xcdatamodeld */ = {
			isa = XCVersionGroup;
			children = (
				583A86352A014C2A004D7455 /* Fit_GG.xcdatamodel */,
			);
			currentVersion = 583A86352A014C2A004D7455 /* Fit_GG.xcdatamodel */;
			path = Fit_GG.xcdatamodeld;
			sourceTree = "<group>";
			versionGroupType = wrapper.xcdatamodel;
		};
/* End XCVersionGroup section */
	};
	rootObject = 583A86202A014C2A004D7455 /* Project object */;
}
